
Microsoft Visual Studio Solution File, Format Version 12.00
# Visual Studio Version 16
VisualStudioVersion = 16.0.33328.57
MinimumVisualStudioVersion = 10.0.40219.1
Project("{FAE04EC0-301F-11D3-BF4B-00C04F79EFBC}") = "CountryIndexes", "CountryIndexes\CountryIndexes.csproj", "{2F78C57E-6433-4E6B-BA3C-308468A1F6B3}"
EndProject
Global
	GlobalSection(SolutionConfigurationPlatforms) = preSolution
		Debug|Any CPU = Debug|Any CPU
		Release|Any CPU = Release|Any CPU
	EndGlobalSection
	GlobalSection(ProjectConfigurationPlatforms) = postSolution
		{2F78C57E-6433-4E6B-BA3C-308468A1F6B3}.Debug|Any CPU.ActiveCfg = Debug|Any CPU
		{2F78C57E-6433-4E6B-BA3C-308468A1F6B3}.Debug|Any CPU.Build.0 = Debug|Any CPU
		{2F78C57E-6433-4E6B-BA3C-308468A1F6B3}.Release|Any CPU.ActiveCfg = Release|Any CPU
		{2F78C57E-6433-4E6B-BA3C-308468A1F6B3}.Release|Any CPU.Build.0 = Release|Any CPU
	EndGlobalSection
	GlobalSection(SolutionProperties) = preSolution
		HideSolutionNode = FALSE
	EndGlobalSection
	GlobalSection(ExtensibilityGlobals) = postSolution
		SolutionGuid = {4F302B35-C532-404C-AC10-B6CC3FCED549}
	EndGlobalSection
EndGlobal
